
Microsoft Visual Studio Solution File, Format Version 12.00
# Visual Studio Version 17
VisualStudioVersion = 17.1.32407.343
MinimumVisualStudioVersion = 10.0.40219.1
Project("{8BC9CEB8-8B4A-11D0-8D11-00A0C91BC942}") = "AskFm", "AskFm.vcxproj", "{FB520260-C28D-43B7-B55C-CE5CBACED5C6}"
EndProject
Global
	GlobalSection(SolutionConfigurationPlatforms) = preSolution
		Debug|x64 = Debug|x64
		Debug|x86 = Debug|x86
		Release|x64 = Release|x64
		Release|x86 = Release|x86
	EndGlobalSection
	GlobalSection(ProjectConfigurationPlatforms) = postSolution
		{FB520260-C28D-43B7-B55C-CE5CBACED5C6}.Debug|x64.ActiveCfg = Debug|x64
		{FB520260-C28D-43B7-B55C-CE5CBACED5C6}.Debug|x64.Build.0 = Debug|x64
		{FB520260-C28D-43B7-B55C-CE5CBACED5C6}.Debug|x86.ActiveCfg = Debug|Win32
		{FB520260-C28D-43B7-B55C-CE5CBACED5C6}.Debug|x86.Build.0 = Debug|Win32
		{FB520260-C28D-43B7-B55C-CE5CBACED5C6}.Release|x64.ActiveCfg = Release|x64
		{FB520260-C28D-43B7-B55C-CE5CBACED5C6}.Release|x64.Build.0 = Release|x64
		{FB520260-C28D-43B7-B55C-CE5CBACED5C6}.Release|x86.ActiveCfg = Release|Win32
		{FB520260-C28D-43B7-B55C-CE5CBACED5C6}.Release|x86.Build.0 = Release|Win32
	EndGlobalSection
	GlobalSection(SolutionProperties) = preSolution
		HideSolutionNode = FALSE
	EndGlobalSection
	GlobalSection(ExtensibilityGlobals) = postSolution
		SolutionGuid = {6D997B72-DE3E-40FE-8463-8A6A1A1D2DF5}
	EndGlobalSection
EndGlobal
